
Microsoft Visual Studio Solution File, Format Version 12.00
# Visual Studio Version 17
VisualStudioVersion = 17.7.34018.315
MinimumVisualStudioVersion = 10.0.40219.1
Project("{FAE04EC0-301F-11D3-BF4B-00C04F79EFBC}") = "TougouSystem", "TougouSystem.csproj", "{1626C59F-1347-4D8D-A588-23575C1253E1}"
EndProject
Global
	GlobalSection(SolutionConfigurationPlatforms) = preSolution
		Debug|Any CPU = Debug|Any CPU
		Release|Any CPU = Release|Any CPU
	EndGlobalSection
	GlobalSection(ProjectConfigurationPlatforms) = postSolution
		{1626C59F-1347-4D8D-A588-23575C1253E1}.Debug|Any CPU.ActiveCfg = Debug|Any CPU
		{1626C59F-1347-4D8D-A588-23575C1253E1}.Debug|Any CPU.Build.0 = Debug|Any CPU
		{1626C59F-1347-4D8D-A588-23575C1253E1}.Release|Any CPU.ActiveCfg = Release|Any CPU
		{1626C59F-1347-4D8D-A588-23575C1253E1}.Release|Any CPU.Build.0 = Release|Any CPU
	EndGlobalSection
	GlobalSection(SolutionProperties) = preSolution
		HideSolutionNode = FALSE
	EndGlobalSection
	GlobalSection(ExtensibilityGlobals) = postSolution
		SolutionGuid = {5194A4DF-EE50-4D44-B140-3510A9B2DCD7}
	EndGlobalSection
EndGlobal
